// !$*UTF8*$!
{
	archiveVersion = 1;
	classes = {
	};
	objectVersion = 48;
	objects = {

/* Begin PBXBuildFile section */
		EA4FB8861F881F3E00F1A6FB /* AppDelegate.swift in Sources */ = {isa = PBXBuildFile; fileRef = EA4FB8851F881F3E00F1A6FB /* AppDelegate.swift */; };
		EA4FB8881F881F3E00F1A6FB /* ViewController.swift in Sources */ = {isa = PBXBuildFile; fileRef = EA4FB8871F881F3E00F1A6FB /* ViewController.swift */; };
		EA4FB88B1F881F3E00F1A6FB /* Main.storyboard in Resources */ = {isa = PBXBuildFile; fileRef = EA4FB8891F881F3E00F1A6FB /* Main.storyboard */; };
		EA4FB88D1F881F3E00F1A6FB /* Assets.xcassets in Resources */ = {isa = PBXBuildFile; fileRef = EA4FB88C1F881F3E00F1A6FB /* Assets.xcassets */; };
		EA4FB8901F881F3F00F1A6FB /* LaunchScreen.storyboard in Resources */ = {isa = PBXBuildFile; fileRef = EA4FB88E1F881F3F00F1A6FB /* LaunchScreen.storyboard */; };
		EA4FB89B1F881F7400F1A6FB /* Artist.swift in Sources */ = {isa = PBXBuildFile; fileRef = EA4FB89A1F881F7400F1A6FB /* Artist.swift */; };
		EA4FB89D1F88207600F1A6FB /* Genre.swift in Sources */ = {isa = PBXBuildFile; fileRef = EA4FB89C1F88207600F1A6FB /* Genre.swift */; };
		EA4FB89F1F8820CE00F1A6FB /* Album.swift in Sources */ = {isa = PBXBuildFile; fileRef = EA4FB89E1F8820CE00F1A6FB /* Album.swift */; };
		EA4FB8A11F88231000F1A6FB /* Song.swift in Sources */ = {isa = PBXBuildFile; fileRef = EA4FB8A01F88231000F1A6FB /* Song.swift */; };
		EA4FB8A31F88263500F1A6FB /* Stub.swift in Sources */ = {isa = PBXBuildFile; fileRef = EA4FB8A21F88263500F1A6FB /* Stub.swift */; };
		EA4FB8A51F8828A400F1A6FB /* SearchResultsController.swift in Sources */ = {isa = PBXBuildFile; fileRef = EA4FB8A41F8828A400F1A6FB /* SearchResultsController.swift */; };
		EA4FB8A81F882B2900F1A6FB /* SearchResultsDataSource.swift in Sources */ = {isa = PBXBuildFile; fileRef = EA4FB8A71F882B2900F1A6FB /* SearchResultsDataSource.swift */; };
		EA4FB8AA1F882EBD00F1A6FB /* AlbumListController.swift in Sources */ = {isa = PBXBuildFile; fileRef = EA4FB8A91F882EBD00F1A6FB /* AlbumListController.swift */; };
		EA4FB8AC1F882F2500F1A6FB /* AlbumCell.swift in Sources */ = {isa = PBXBuildFile; fileRef = EA4FB8AB1F882F2500F1A6FB /* AlbumCell.swift */; };
		EA4FB8AE1F88318C00F1A6FB /* AlbumListDataSource.swift in Sources */ = {isa = PBXBuildFile; fileRef = EA4FB8AD1F88318C00F1A6FB /* AlbumListDataSource.swift */; };
		EA4FB8B11F88338300F1A6FB /* AlbumCellViewModel.swift in Sources */ = {isa = PBXBuildFile; fileRef = EA4FB8B01F88338300F1A6FB /* AlbumCellViewModel.swift */; };
		EA9A802A1F8B63D400242305 /* iTunesMedia.swift in Sources */ = {isa = PBXBuildFile; fileRef = EA9A80291F8B63D400242305 /* iTunesMedia.swift */; };
		EA9A802C1F8B644100242305 /* Endpoint.swift in Sources */ = {isa = PBXBuildFile; fileRef = EA9A802B1F8B644100242305 /* Endpoint.swift */; };
		EA9A802E1F8B883500242305 /* iTunesEntity.swift in Sources */ = {isa = PBXBuildFile; fileRef = EA9A802D1F8B883500242305 /* iTunesEntity.swift */; };
		EA9A80301F8C110800242305 /* QueryItemProvider.swift in Sources */ = {isa = PBXBuildFile; fileRef = EA9A802F1F8C110800242305 /* QueryItemProvider.swift */; };
		EA9A80321F8C146900242305 /* ItunesAttributes.swift in Sources */ = {isa = PBXBuildFile; fileRef = EA9A80311F8C146900242305 /* ItunesAttributes.swift */; };
		EAA057DB1F883CA4000E62A6 /* AlbumDetailController.swift in Sources */ = {isa = PBXBuildFile; fileRef = EAA057DA1F883CA4000E62A6 /* AlbumDetailController.swift */; };
		EAA057DD1F883D8C000E62A6 /* AlbumDetailViewModel.swift in Sources */ = {isa = PBXBuildFile; fileRef = EAA057DC1F883D8C000E62A6 /* AlbumDetailViewModel.swift */; };
		EAA057DF1F883F9D000E62A6 /* AlbumDetailDataSource.swift in Sources */ = {isa = PBXBuildFile; fileRef = EAA057DE1F883F9D000E62A6 /* AlbumDetailDataSource.swift */; };
		EAA057E11F884023000E62A6 /* SongCell.swift in Sources */ = {isa = PBXBuildFile; fileRef = EAA057E01F884023000E62A6 /* SongCell.swift */; };
		EAA057E31F88408F000E62A6 /* SongViewModel.swift in Sources */ = {isa = PBXBuildFile; fileRef = EAA057E21F88408F000E62A6 /* SongViewModel.swift */; };
		EAA1CAA01F8C207400CD4446 /* JSONDownloader.swift in Sources */ = {isa = PBXBuildFile; fileRef = EAA1CA9F1F8C207400CD4446 /* JSONDownloader.swift */; };
		EAA1CAA21F8C210700CD4446 /* ItunesError.swift in Sources */ = {isa = PBXBuildFile; fileRef = EAA1CAA11F8C210700CD4446 /* ItunesError.swift */; };
		EAA1CAA41F8C21ED00CD4446 /* ItunesAPIClient.swift in Sources */ = {isa = PBXBuildFile; fileRef = EAA1CAA31F8C21ED00CD4446 /* ItunesAPIClient.swift */; };
/* End PBXBuildFile section */

/* Begin PBXFileReference section */
		EA4FB8821F881F3E00F1A6FB /* iTunes Search App.app */ = {isa = PBXFileReference; explicitFileType = wrapper.application; includeInIndex = 0; path = "iTunes Search App.app"; sourceTree = BUILT_PRODUCTS_DIR; };
		EA4FB8851F881F3E00F1A6FB /* AppDelegate.swift */ = {isa = PBXFileReference; lastKnownFileType = sourcecode.swift; path = AppDelegate.swift; sourceTree = "<group>"; };
		EA4FB8871F881F3E00F1A6FB /* ViewController.swift */ = {isa = PBXFileReference; lastKnownFileType = sourcecode.swift; path = ViewController.swift; sourceTree = "<group>"; };
		EA4FB88A1F881F3E00F1A6FB /* Base */ = {isa = PBXFileReference; lastKnownFileType = file.storyboard; name = Base; path = Base.lproj/Main.storyboard; sourceTree = "<group>"; };
		EA4FB88C1F881F3E00F1A6FB /* Assets.xcassets */ = {isa = PBXFileReference; lastKnownFileType = folder.assetcatalog; path = Assets.xcassets; sourceTree = "<group>"; };
		EA4FB88F1F881F3F00F1A6FB /* Base */ = {isa = PBXFileReference; lastKnownFileType = file.storyboard; name = Base; path = Base.lproj/LaunchScreen.storyboard; sourceTree = "<group>"; };
		EA4FB8911F881F3F00F1A6FB /* Info.plist */ = {isa = PBXFileReference; lastKnownFileType = text.plist.xml; path = Info.plist; sourceTree = "<group>"; };
		EA4FB89A1F881F7400F1A6FB /* Artist.swift */ = {isa = PBXFileReference; lastKnownFileType = sourcecode.swift; path = Artist.swift; sourceTree = "<group>"; };
		EA4FB89C1F88207600F1A6FB /* Genre.swift */ = {isa = PBXFileReference; lastKnownFileType = sourcecode.swift; path = Genre.swift; sourceTree = "<group>"; };
		EA4FB89E1F8820CE00F1A6FB /* Album.swift */ = {isa = PBXFileReference; lastKnownFileType = sourcecode.swift; path = Album.swift; sourceTree = "<group>"; };
		EA4FB8A01F88231000F1A6FB /* Song.swift */ = {isa = PBXFileReference; lastKnownFileType = sourcecode.swift; path = Song.swift; sourceTree = "<group>"; };
		EA4FB8A21F88263500F1A6FB /* Stub.swift */ = {isa = PBXFileReference; lastKnownFileType = sourcecode.swift; path = Stub.swift; sourceTree = "<group>"; };
		EA4FB8A41F8828A400F1A6FB /* SearchResultsController.swift */ = {isa = PBXFileReference; lastKnownFileType = sourcecode.swift; path = SearchResultsController.swift; sourceTree = "<group>"; };
		EA4FB8A71F882B2900F1A6FB /* SearchResultsDataSource.swift */ = {isa = PBXFileReference; lastKnownFileType = sourcecode.swift; path = SearchResultsDataSource.swift; sourceTree = "<group>"; };
		EA4FB8A91F882EBD00F1A6FB /* AlbumListController.swift */ = {isa = PBXFileReference; lastKnownFileType = sourcecode.swift; path = AlbumListController.swift; sourceTree = "<group>"; };
		EA4FB8AB1F882F2500F1A6FB /* AlbumCell.swift */ = {isa = PBXFileReference; lastKnownFileType = sourcecode.swift; path = AlbumCell.swift; sourceTree = "<group>"; };
		EA4FB8AD1F88318C00F1A6FB /* AlbumListDataSource.swift */ = {isa = PBXFileReference; lastKnownFileType = sourcecode.swift; path = AlbumListDataSource.swift; sourceTree = "<group>"; };
		EA4FB8B01F88338300F1A6FB /* AlbumCellViewModel.swift */ = {isa = PBXFileReference; lastKnownFileType = sourcecode.swift; path = AlbumCellViewModel.swift; sourceTree = "<group>"; };
		EA9A80291F8B63D400242305 /* iTunesMedia.swift */ = {isa = PBXFileReference; lastKnownFileType = sourcecode.swift; path = iTunesMedia.swift; sourceTree = "<group>"; };
		EA9A802B1F8B644100242305 /* Endpoint.swift */ = {isa = PBXFileReference; lastKnownFileType = sourcecode.swift; path = Endpoint.swift; sourceTree = "<group>"; };
		EA9A802D1F8B883500242305 /* iTunesEntity.swift */ = {isa = PBXFileReference; lastKnownFileType = sourcecode.swift; path = iTunesEntity.swift; sourceTree = "<group>"; };
		EA9A802F1F8C110800242305 /* QueryItemProvider.swift */ = {isa = PBXFileReference; lastKnownFileType = sourcecode.swift; path = QueryItemProvider.swift; sourceTree = "<group>"; };
		EA9A80311F8C146900242305 /* ItunesAttributes.swift */ = {isa = PBXFileReference; lastKnownFileType = sourcecode.swift; path = ItunesAttributes.swift; sourceTree = "<group>"; };
		EAA057DA1F883CA4000E62A6 /* AlbumDetailController.swift */ = {isa = PBXFileReference; lastKnownFileType = sourcecode.swift; path = AlbumDetailController.swift; sourceTree = "<group>"; };
		EAA057DC1F883D8C000E62A6 /* AlbumDetailViewModel.swift */ = {isa = PBXFileReference; lastKnownFileType = sourcecode.swift; path = AlbumDetailViewModel.swift; sourceTree = "<group>"; };
		EAA057DE1F883F9D000E62A6 /* AlbumDetailDataSource.swift */ = {isa = PBXFileReference; lastKnownFileType = sourcecode.swift; path = AlbumDetailDataSource.swift; sourceTree = "<group>"; };
		EAA057E01F884023000E62A6 /* SongCell.swift */ = {isa = PBXFileReference; lastKnownFileType = sourcecode.swift; path = SongCell.swift; sourceTree = "<group>"; };
		EAA057E21F88408F000E62A6 /* SongViewModel.swift */ = {isa = PBXFileReference; lastKnownFileType = sourcecode.swift; path = SongViewModel.swift; sourceTree = "<group>"; };
		EAA1CA9F1F8C207400CD4446 /* JSONDownloader.swift */ = {isa = PBXFileReference; lastKnownFileType = sourcecode.swift; path = JSONDownloader.swift; sourceTree = "<group>"; };
		EAA1CAA11F8C210700CD4446 /* ItunesError.swift */ = {isa = PBXFileReference; lastKnownFileType = sourcecode.swift; path = ItunesError.swift; sourceTree = "<group>"; };
		EAA1CAA31F8C21ED00CD4446 /* ItunesAPIClient.swift */ = {isa = PBXFileReference; lastKnownFileType = sourcecode.swift; path = ItunesAPIClient.swift; sourceTree = "<group>"; };
/* End PBXFileReference section */

/* Begin PBXFrameworksBuildPhase section */
		EA4FB87F1F881F3E00F1A6FB /* Frameworks */ = {
			isa = PBXFrameworksBuildPhase;
			buildActionMask = 2147483647;
			files = (
			);
			runOnlyForDeploymentPostprocessing = 0;
		};
/* End PBXFrameworksBuildPhase section */

/* Begin PBXGroup section */
		EA4FB8791F881F3E00F1A6FB = {
			isa = PBXGroup;
			children = (
				EA4FB8841F881F3E00F1A6FB /* iTunes Search App */,
				EA4FB8831F881F3E00F1A6FB /* Products */,
			);
			sourceTree = "<group>";
		};
		EA4FB8831F881F3E00F1A6FB /* Products */ = {
			isa = PBXGroup;
			children = (
				EA4FB8821F881F3E00F1A6FB /* iTunes Search App.app */,
			);
			name = Products;
			sourceTree = "<group>";
		};
		EA4FB8841F881F3E00F1A6FB /* iTunes Search App */ = {
			isa = PBXGroup;
			children = (
				EAA1CA9E1F8C206500CD4446 /* Networking */,
				EA4FB8AF1F88336A00F1A6FB /* ViewModels */,
				EA4FB8A61F882B0C00F1A6FB /* DataSources */,
				EA4FB8991F881F6300F1A6FB /* Controllers */,
				EA4FB8981F881F5800F1A6FB /* Views */,
				EA4FB8971F881F4F00F1A6FB /* Models */,
				EA4FB8851F881F3E00F1A6FB /* AppDelegate.swift */,
				EA4FB8891F881F3E00F1A6FB /* Main.storyboard */,
				EA4FB88C1F881F3E00F1A6FB /* Assets.xcassets */,
				EA4FB88E1F881F3F00F1A6FB /* LaunchScreen.storyboard */,
				EA4FB8911F881F3F00F1A6FB /* Info.plist */,
			);
			path = "iTunes Search App";
			sourceTree = "<group>";
		};
		EA4FB8971F881F4F00F1A6FB /* Models */ = {
			isa = PBXGroup;
			children = (
				EA9A80281F8B63B600242305 /* Endpoints */,
				EA4FB89A1F881F7400F1A6FB /* Artist.swift */,
				EA4FB89C1F88207600F1A6FB /* Genre.swift */,
				EA4FB89E1F8820CE00F1A6FB /* Album.swift */,
				EA4FB8A01F88231000F1A6FB /* Song.swift */,
				EA4FB8A21F88263500F1A6FB /* Stub.swift */,
			);
			path = Models;
			sourceTree = "<group>";
		};
		EA4FB8981F881F5800F1A6FB /* Views */ = {
			isa = PBXGroup;
			children = (
				EA4FB8AB1F882F2500F1A6FB /* AlbumCell.swift */,
				EAA057E01F884023000E62A6 /* SongCell.swift */,
			);
			path = Views;
			sourceTree = "<group>";
		};
		EA4FB8991F881F6300F1A6FB /* Controllers */ = {
			isa = PBXGroup;
			children = (
				EA4FB8871F881F3E00F1A6FB /* ViewController.swift */,
				EA4FB8A41F8828A400F1A6FB /* SearchResultsController.swift */,
				EA4FB8A91F882EBD00F1A6FB /* AlbumListController.swift */,
				EAA057DA1F883CA4000E62A6 /* AlbumDetailController.swift */,
			);
			path = Controllers;
			sourceTree = "<group>";
		};
		EA4FB8A61F882B0C00F1A6FB /* DataSources */ = {
			isa = PBXGroup;
			children = (
				EA4FB8A71F882B2900F1A6FB /* SearchResultsDataSource.swift */,
				EA4FB8AD1F88318C00F1A6FB /* AlbumListDataSource.swift */,
				EAA057DE1F883F9D000E62A6 /* AlbumDetailDataSource.swift */,
			);
			path = DataSources;
			sourceTree = "<group>";
		};
		EA4FB8AF1F88336A00F1A6FB /* ViewModels */ = {
			isa = PBXGroup;
			children = (
				EA4FB8B01F88338300F1A6FB /* AlbumCellViewModel.swift */,
				EAA057DC1F883D8C000E62A6 /* AlbumDetailViewModel.swift */,
				EAA057E21F88408F000E62A6 /* SongViewModel.swift */,
			);
			path = ViewModels;
			sourceTree = "<group>";
		};
		EA9A80281F8B63B600242305 /* Endpoints */ = {
			isa = PBXGroup;
			children = (
				EA9A80291F8B63D400242305 /* iTunesMedia.swift */,
				EA9A802B1F8B644100242305 /* Endpoint.swift */,
				EA9A802D1F8B883500242305 /* iTunesEntity.swift */,
				EA9A802F1F8C110800242305 /* QueryItemProvider.swift */,
				EA9A80311F8C146900242305 /* ItunesAttributes.swift */,
			);
			path = Endpoints;
			sourceTree = "<group>";
		};
		EAA1CA9E1F8C206500CD4446 /* Networking */ = {
			isa = PBXGroup;
			children = (
				EAA1CA9F1F8C207400CD4446 /* JSONDownloader.swift */,
				EAA1CAA11F8C210700CD4446 /* ItunesError.swift */,
				EAA1CAA31F8C21ED00CD4446 /* ItunesAPIClient.swift */,
			);
			path = Networking;
			sourceTree = "<group>";
		};
/* End PBXGroup section */

/* Begin PBXNativeTarget section */
		EA4FB8811F881F3E00F1A6FB /* iTunes Search App */ = {
			isa = PBXNativeTarget;
			buildConfigurationList = EA4FB8941F881F3F00F1A6FB /* Build configuration list for PBXNativeTarget "iTunes Search App" */;
			buildPhases = (
				EA4FB87E1F881F3E00F1A6FB /* Sources */,
				EA4FB87F1F881F3E00F1A6FB /* Frameworks */,
				EA4FB8801F881F3E00F1A6FB /* Resources */,
			);
			buildRules = (
			);
			dependencies = (
			);
			name = "iTunes Search App";
			productName = "iTunes Search App";
			productReference = EA4FB8821F881F3E00F1A6FB /* iTunes Search App.app */;
			productType = "com.apple.product-type.application";
		};
/* End PBXNativeTarget section */

/* Begin PBXProject section */
		EA4FB87A1F881F3E00F1A6FB /* Project object */ = {
			isa = PBXProject;
			attributes = {
				LastSwiftUpdateCheck = 0900;
				LastUpgradeCheck = 0900;
				ORGANIZATIONNAME = "Marcin Pietrzak";
				TargetAttributes = {
					EA4FB8811F881F3E00F1A6FB = {
						CreatedOnToolsVersion = 9.0;
						ProvisioningStyle = Automatic;
					};
				};
			};
			buildConfigurationList = EA4FB87D1F881F3E00F1A6FB /* Build configuration list for PBXProject "iTunes Search App" */;
			compatibilityVersion = "Xcode 8.0";
			developmentRegion = en;
			hasScannedForEncodings = 0;
			knownRegions = (
				en,
				Base,
			);
			mainGroup = EA4FB8791F881F3E00F1A6FB;
			productRefGroup = EA4FB8831F881F3E00F1A6FB /* Products */;
			projectDirPath = "";
			projectRoot = "";
			targets = (
				EA4FB8811F881F3E00F1A6FB /* iTunes Search App */,
			);
		};
/* End PBXProject section */

/* Begin PBXResourcesBuildPhase section */
		EA4FB8801F881F3E00F1A6FB /* Resources */ = {
			isa = PBXResourcesBuildPhase;
			buildActionMask = 2147483647;
			files = (
				EA4FB8901F881F3F00F1A6FB /* LaunchScreen.storyboard in Resources */,
				EA4FB88D1F881F3E00F1A6FB /* Assets.xcassets in Resources */,
				EA4FB88B1F881F3E00F1A6FB /* Main.storyboard in Resources */,
			);
			runOnlyForDeploymentPostprocessing = 0;
		};
/* End PBXResourcesBuildPhase section */

/* Begin PBXSourcesBuildPhase section */
		EA4FB87E1F881F3E00F1A6FB /* Sources */ = {
			isa = PBXSourcesBuildPhase;
			buildActionMask = 2147483647;
			files = (
				EAA1CAA21F8C210700CD4446 /* ItunesError.swift in Sources */,
				EAA1CAA01F8C207400CD4446 /* JSONDownloader.swift in Sources */,
				EA4FB8A11F88231000F1A6FB /* Song.swift in Sources */,
				EA4FB89B1F881F7400F1A6FB /* Artist.swift in Sources */,
				EA4FB8881F881F3E00F1A6FB /* ViewController.swift in Sources */,
				EA4FB8B11F88338300F1A6FB /* AlbumCellViewModel.swift in Sources */,
				EA4FB8861F881F3E00F1A6FB /* AppDelegate.swift in Sources */,
				EAA057DF1F883F9D000E62A6 /* AlbumDetailDataSource.swift in Sources */,
				EA4FB8AE1F88318C00F1A6FB /* AlbumListDataSource.swift in Sources */,
				EA9A80321F8C146900242305 /* ItunesAttributes.swift in Sources */,
				EA9A802A1F8B63D400242305 /* iTunesMedia.swift in Sources */,
				EA9A80301F8C110800242305 /* QueryItemProvider.swift in Sources */,
				EAA057E31F88408F000E62A6 /* SongViewModel.swift in Sources */,
				EAA057DB1F883CA4000E62A6 /* AlbumDetailController.swift in Sources */,
				EA4FB8A51F8828A400F1A6FB /* SearchResultsController.swift in Sources */,
				EAA1CAA41F8C21ED00CD4446 /* ItunesAPIClient.swift in Sources */,
				EA4FB8AA1F882EBD00F1A6FB /* AlbumListController.swift in Sources */,
				EAA057E11F884023000E62A6 /* SongCell.swift in Sources */,
				EA4FB89D1F88207600F1A6FB /* Genre.swift in Sources */,
				EA9A802C1F8B644100242305 /* Endpoint.swift in Sources */,
				EA4FB89F1F8820CE00F1A6FB /* Album.swift in Sources */,
				EA9A802E1F8B883500242305 /* iTunesEntity.swift in Sources */,
				EA4FB8A81F882B2900F1A6FB /* SearchResultsDataSource.swift in Sources */,
				EA4FB8AC1F882F2500F1A6FB /* AlbumCell.swift in Sources */,
				EA4FB8A31F88263500F1A6FB /* Stub.swift in Sources */,
				EAA057DD1F883D8C000E62A6 /* AlbumDetailViewModel.swift in Sources */,
			);
			runOnlyForDeploymentPostprocessing = 0;
		};
/* End PBXSourcesBuildPhase section */

/* Begin PBXVariantGroup section */
		EA4FB8891F881F3E00F1A6FB /* Main.storyboard */ = {
			isa = PBXVariantGroup;
			children = (
				EA4FB88A1F881F3E00F1A6FB /* Base */,
			);
			name = Main.storyboard;
			sourceTree = "<group>";
		};
		EA4FB88E1F881F3F00F1A6FB /* LaunchScreen.storyboard */ = {
			isa = PBXVariantGroup;
			children = (
				EA4FB88F1F881F3F00F1A6FB /* Base */,
			);
			name = LaunchScreen.storyboard;
			sourceTree = "<group>";
		};
/* End PBXVariantGroup section */

/* Begin XCBuildConfiguration section */
		EA4FB8921F881F3F00F1A6FB /* Debug */ = {
			isa = XCBuildConfiguration;
			buildSettings = {
				ALWAYS_SEARCH_USER_PATHS = NO;
				CLANG_ANALYZER_NONNULL = YES;
				CLANG_ANALYZER_NUMBER_OBJECT_CONVERSION = YES_AGGRESSIVE;
				CLANG_CXX_LANGUAGE_STANDARD = "gnu++14";
				CLANG_CXX_LIBRARY = "libc++";
				CLANG_ENABLE_MODULES = YES;
				CLANG_ENABLE_OBJC_ARC = YES;
				CLANG_WARN_BLOCK_CAPTURE_AUTORELEASING = YES;
				CLANG_WARN_BOOL_CONVERSION = YES;
				CLANG_WARN_COMMA = YES;
				CLANG_WARN_CONSTANT_CONVERSION = YES;
				CLANG_WARN_DIRECT_OBJC_ISA_USAGE = YES_ERROR;
				CLANG_WARN_DOCUMENTATION_COMMENTS = YES;
				CLANG_WARN_EMPTY_BODY = YES;
				CLANG_WARN_ENUM_CONVERSION = YES;
				CLANG_WARN_INFINITE_RECURSION = YES;
				CLANG_WARN_INT_CONVERSION = YES;
				CLANG_WARN_NON_LITERAL_NULL_CONVERSION = YES;
				CLANG_WARN_OBJC_LITERAL_CONVERSION = YES;
				CLANG_WARN_OBJC_ROOT_CLASS = YES_ERROR;
				CLANG_WARN_RANGE_LOOP_ANALYSIS = YES;
				CLANG_WARN_STRICT_PROTOTYPES = YES;
				CLANG_WARN_SUSPICIOUS_MOVE = YES;
				CLANG_WARN_UNGUARDED_AVAILABILITY = YES_AGGRESSIVE;
				CLANG_WARN_UNREACHABLE_CODE = YES;
				CLANG_WARN__DUPLICATE_METHOD_MATCH = YES;
				CODE_SIGN_IDENTITY = "iPhone Developer";
				COPY_PHASE_STRIP = NO;
				DEBUG_INFORMATION_FORMAT = dwarf;
				ENABLE_STRICT_OBJC_MSGSEND = YES;
				ENABLE_TESTABILITY = YES;
				GCC_C_LANGUAGE_STANDARD = gnu11;
				GCC_DYNAMIC_NO_PIC = NO;
				GCC_NO_COMMON_BLOCKS = YES;
				GCC_OPTIMIZATION_LEVEL = 0;
				GCC_PREPROCESSOR_DEFINITIONS = (
					"DEBUG=1",
					"$(inherited)",
				);
				GCC_WARN_64_TO_32_BIT_CONVERSION = YES;
				GCC_WARN_ABOUT_RETURN_TYPE = YES_ERROR;
				GCC_WARN_UNDECLARED_SELECTOR = YES;
				GCC_WARN_UNINITIALIZED_AUTOS = YES_AGGRESSIVE;
				GCC_WARN_UNUSED_FUNCTION = YES;
				GCC_WARN_UNUSED_VARIABLE = YES;
				IPHONEOS_DEPLOYMENT_TARGET = 11.0;
				MTL_ENABLE_DEBUG_INFO = YES;
				ONLY_ACTIVE_ARCH = YES;
				SDKROOT = iphoneos;
				SWIFT_ACTIVE_COMPILATION_CONDITIONS = DEBUG;
				SWIFT_OPTIMIZATION_LEVEL = "-Onone";
			};
			name = Debug;
		};
		EA4FB8931F881F3F00F1A6FB /* Release */ = {
			isa = XCBuildConfiguration;
			buildSettings = {
				ALWAYS_SEARCH_USER_PATHS = NO;
				CLANG_ANALYZER_NONNULL = YES;
				CLANG_ANALYZER_NUMBER_OBJECT_CONVERSION = YES_AGGRESSIVE;
				CLANG_CXX_LANGUAGE_STANDARD = "gnu++14";
				CLANG_CXX_LIBRARY = "libc++";
				CLANG_ENABLE_MODULES = YES;
				CLANG_ENABLE_OBJC_ARC = YES;
				CLANG_WARN_BLOCK_CAPTURE_AUTORELEASING = YES;
				CLANG_WARN_BOOL_CONVERSION = YES;
				CLANG_WARN_COMMA = YES;
				CLANG_WARN_CONSTANT_CONVERSION = YES;
				CLANG_WARN_DIRECT_OBJC_ISA_USAGE = YES_ERROR;
				CLANG_WARN_DOCUMENTATION_COMMENTS = YES;
				CLANG_WARN_EMPTY_BODY = YES;
				CLANG_WARN_ENUM_CONVERSION = YES;
				CLANG_WARN_INFINITE_RECURSION = YES;
				CLANG_WARN_INT_CONVERSION = YES;
				CLANG_WARN_NON_LITERAL_NULL_CONVERSION = YES;
				CLANG_WARN_OBJC_LITERAL_CONVERSION = YES;
				CLANG_WARN_OBJC_ROOT_CLASS = YES_ERROR;
				CLANG_WARN_RANGE_LOOP_ANALYSIS = YES;
				CLANG_WARN_STRICT_PROTOTYPES = YES;
				CLANG_WARN_SUSPICIOUS_MOVE = YES;
				CLANG_WARN_UNGUARDED_AVAILABILITY = YES_AGGRESSIVE;
				CLANG_WARN_UNREACHABLE_CODE = YES;
				CLANG_WARN__DUPLICATE_METHOD_MATCH = YES;
				CODE_SIGN_IDENTITY = "iPhone Developer";
				COPY_PHASE_STRIP = NO;
				DEBUG_INFORMATION_FORMAT = "dwarf-with-dsym";
				ENABLE_NS_ASSERTIONS = NO;
				ENABLE_STRICT_OBJC_MSGSEND = YES;
				GCC_C_LANGUAGE_STANDARD = gnu11;
				GCC_NO_COMMON_BLOCKS = YES;
				GCC_WARN_64_TO_32_BIT_CONVERSION = YES;
				GCC_WARN_ABOUT_RETURN_TYPE = YES_ERROR;
				GCC_WARN_UNDECLARED_SELECTOR = YES;
				GCC_WARN_UNINITIALIZED_AUTOS = YES_AGGRESSIVE;
				GCC_WARN_UNUSED_FUNCTION = YES;
				GCC_WARN_UNUSED_VARIABLE = YES;
				IPHONEOS_DEPLOYMENT_TARGET = 11.0;
				MTL_ENABLE_DEBUG_INFO = NO;
				SDKROOT = iphoneos;
				SWIFT_OPTIMIZATION_LEVEL = "-Owholemodule";
				VALIDATE_PRODUCT = YES;
			};
			name = Release;
		};
		EA4FB8951F881F3F00F1A6FB /* Debug */ = {
			isa = XCBuildConfiguration;
			buildSettings = {
				ASSETCATALOG_COMPILER_APPICON_NAME = AppIcon;
				CODE_SIGN_STYLE = Automatic;
				DEVELOPMENT_TEAM = KZM8JH55Z4;
				INFOPLIST_FILE = "iTunes Search App/Info.plist";
				LD_RUNPATH_SEARCH_PATHS = "$(inherited) @executable_path/Frameworks";
				PRODUCT_BUNDLE_IDENTIFIER = "com.swiftarcher.iTunes-Search-App";
				PRODUCT_NAME = "$(TARGET_NAME)";
				SWIFT_VERSION = 4.0;
				TARGETED_DEVICE_FAMILY = "1,2";
			};
			name = Debug;
		};
		EA4FB8961F881F3F00F1A6FB /* Release */ = {
			isa = XCBuildConfiguration;
			buildSettings = {
				ASSETCATALOG_COMPILER_APPICON_NAME = AppIcon;
				CODE_SIGN_STYLE = Automatic;
				DEVELOPMENT_TEAM = KZM8JH55Z4;
				INFOPLIST_FILE = "iTunes Search App/Info.plist";
				LD_RUNPATH_SEARCH_PATHS = "$(inherited) @executable_path/Frameworks";
				PRODUCT_BUNDLE_IDENTIFIER = "com.swiftarcher.iTunes-Search-App";
				PRODUCT_NAME = "$(TARGET_NAME)";
				SWIFT_VERSION = 4.0;
				TARGETED_DEVICE_FAMILY = "1,2";
			};
			name = Release;
		};
/* End XCBuildConfiguration section */

/* Begin XCConfigurationList section */
		EA4FB87D1F881F3E00F1A6FB /* Build configuration list for PBXProject "iTunes Search App" */ = {
			isa = XCConfigurationList;
			buildConfigurations = (
				EA4FB8921F881F3F00F1A6FB /* Debug */,
				EA4FB8931F881F3F00F1A6FB /* Release */,
			);
			defaultConfigurationIsVisible = 0;
			defaultConfigurationName = Release;
		};
		EA4FB8941F881F3F00F1A6FB /* Build configuration list for PBXNativeTarget "iTunes Search App" */ = {
			isa = XCConfigurationList;
			buildConfigurations = (
				EA4FB8951F881F3F00F1A6FB /* Debug */,
				EA4FB8961F881F3F00F1A6FB /* Release */,
			);
			defaultConfigurationIsVisible = 0;
			defaultConfigurationName = Release;
		};
/* End XCConfigurationList section */
	};
	rootObject = EA4FB87A1F881F3E00F1A6FB /* Project object */;
}
